
Microsoft Visual Studio Solution File, Format Version 12.00
# Visual Studio Version 16
VisualStudioVersion = 16.0.30611.23
MinimumVisualStudioVersion = 10.0.40219.1
Project("{9A19103F-16F7-4668-BE54-9A1E7A4F7556}") = "ConsoleApp1", "ConsoleApp1\ConsoleApp1.csproj", "{DA49A6F3-298A-44CD-ACB6-310C904A8F86}"
EndProject
Project("{9A19103F-16F7-4668-BE54-9A1E7A4F7556}") = "ShapeFigures", "ShapeFigures\ShapeFigures.csproj", "{41ACD01D-FCCD-4B3B-B7AA-85E6491BA1E1}"
EndProject
Project("{9A19103F-16F7-4668-BE54-9A1E7A4F7556}") = "StringManipulation", "StringManipulation\StringManipulation.csproj", "{0922AA42-86CC-4CD6-A4A4-D2F764D3D0C9}"
EndProject
Project("{FAE04EC0-301F-11D3-BF4B-00C04F79EFBC}") = "UserInfo", "UserInfo\UserInfo.csproj", "{8EBF6F29-03A8-4E59-BB5C-21BB0679C251}"
EndProject
Project("{FAE04EC0-301F-11D3-BF4B-00C04F79EFBC}") = "DogInfo", "DogInfo\DogInfo.csproj", "{18F08A37-483F-48EE-AA1E-46DCFCDA52A4}"
EndProject
Global
	GlobalSection(SolutionConfigurationPlatforms) = preSolution
		Debug|Any CPU = Debug|Any CPU
		Release|Any CPU = Release|Any CPU
	EndGlobalSection
	GlobalSection(ProjectConfigurationPlatforms) = postSolution
		{DA49A6F3-298A-44CD-ACB6-310C904A8F86}.Debug|Any CPU.ActiveCfg = Debug|Any CPU
		{DA49A6F3-298A-44CD-ACB6-310C904A8F86}.Debug|Any CPU.Build.0 = Debug|Any CPU
		{DA49A6F3-298A-44CD-ACB6-310C904A8F86}.Release|Any CPU.ActiveCfg = Release|Any CPU
		{DA49A6F3-298A-44CD-ACB6-310C904A8F86}.Release|Any CPU.Build.0 = Release|Any CPU
		{41ACD01D-FCCD-4B3B-B7AA-85E6491BA1E1}.Debug|Any CPU.ActiveCfg = Debug|Any CPU
		{41ACD01D-FCCD-4B3B-B7AA-85E6491BA1E1}.Debug|Any CPU.Build.0 = Debug|Any CPU
		{41ACD01D-FCCD-4B3B-B7AA-85E6491BA1E1}.Release|Any CPU.ActiveCfg = Release|Any CPU
		{41ACD01D-FCCD-4B3B-B7AA-85E6491BA1E1}.Release|Any CPU.Build.0 = Release|Any CPU
		{0922AA42-86CC-4CD6-A4A4-D2F764D3D0C9}.Debug|Any CPU.ActiveCfg = Debug|Any CPU
		{0922AA42-86CC-4CD6-A4A4-D2F764D3D0C9}.Debug|Any CPU.Build.0 = Debug|Any CPU
		{0922AA42-86CC-4CD6-A4A4-D2F764D3D0C9}.Release|Any CPU.ActiveCfg = Release|Any CPU
		{0922AA42-86CC-4CD6-A4A4-D2F764D3D0C9}.Release|Any CPU.Build.0 = Release|Any CPU
		{8EBF6F29-03A8-4E59-BB5C-21BB0679C251}.Debug|Any CPU.ActiveCfg = Debug|Any CPU
		{8EBF6F29-03A8-4E59-BB5C-21BB0679C251}.Debug|Any CPU.Build.0 = Debug|Any CPU
		{8EBF6F29-03A8-4E59-BB5C-21BB0679C251}.Release|Any CPU.ActiveCfg = Release|Any CPU
		{8EBF6F29-03A8-4E59-BB5C-21BB0679C251}.Release|Any CPU.Build.0 = Release|Any CPU
		{18F08A37-483F-48EE-AA1E-46DCFCDA52A4}.Debug|Any CPU.ActiveCfg = Debug|Any CPU
		{18F08A37-483F-48EE-AA1E-46DCFCDA52A4}.Debug|Any CPU.Build.0 = Debug|Any CPU
		{18F08A37-483F-48EE-AA1E-46DCFCDA52A4}.Release|Any CPU.ActiveCfg = Release|Any CPU
		{18F08A37-483F-48EE-AA1E-46DCFCDA52A4}.Release|Any CPU.Build.0 = Release|Any CPU
	EndGlobalSection
	GlobalSection(SolutionProperties) = preSolution
		HideSolutionNode = FALSE
	EndGlobalSection
	GlobalSection(ExtensibilityGlobals) = postSolution
		SolutionGuid = {29F0D5D0-79FC-492D-9520-5156E2DDDA66}
	EndGlobalSection
EndGlobal
